
Microsoft Visual Studio Solution File, Format Version 12.00
# Visual Studio Version 17
VisualStudioVersion = 17.8.34322.80
MinimumVisualStudioVersion = 10.0.40219.1
Project("{FAE04EC0-301F-11D3-BF4B-00C04F79EFBC}") = "ApiTarefas", "ApiTarefas\ApiTarefas.csproj", "{6A0E28EE-D1F3-4141-8E83-E8BEA9548AC6}"
EndProject
Global
	GlobalSection(SolutionConfigurationPlatforms) = preSolution
		Debug|Any CPU = Debug|Any CPU
		Release|Any CPU = Release|Any CPU
	EndGlobalSection
	GlobalSection(ProjectConfigurationPlatforms) = postSolution
		{6A0E28EE-D1F3-4141-8E83-E8BEA9548AC6}.Debug|Any CPU.ActiveCfg = Debug|Any CPU
		{6A0E28EE-D1F3-4141-8E83-E8BEA9548AC6}.Debug|Any CPU.Build.0 = Debug|Any CPU
		{6A0E28EE-D1F3-4141-8E83-E8BEA9548AC6}.Release|Any CPU.ActiveCfg = Release|Any CPU
		{6A0E28EE-D1F3-4141-8E83-E8BEA9548AC6}.Release|Any CPU.Build.0 = Release|Any CPU
	EndGlobalSection
	GlobalSection(SolutionProperties) = preSolution
		HideSolutionNode = FALSE
	EndGlobalSection
	GlobalSection(ExtensibilityGlobals) = postSolution
		SolutionGuid = {8AA6AAFA-DE6F-47D5-9767-E18DF975BE16}
	EndGlobalSection
EndGlobal
