
Microsoft Visual Studio Solution File, Format Version 12.00
# Visual Studio Version 16
VisualStudioVersion = 16.0.30011.22
MinimumVisualStudioVersion = 10.0.40219.1
Project("{FAE04EC0-301F-11D3-BF4B-00C04F79EFBC}") = "Excercicio", "Excercicio\Excercicio.csproj", "{3C9E9297-41EA-4110-8F22-BBAA77922A67}"
EndProject
Global
	GlobalSection(SolutionConfigurationPlatforms) = preSolution
		Debug|Any CPU = Debug|Any CPU
		Release|Any CPU = Release|Any CPU
	EndGlobalSection
	GlobalSection(ProjectConfigurationPlatforms) = postSolution
		{3C9E9297-41EA-4110-8F22-BBAA77922A67}.Debug|Any CPU.ActiveCfg = Debug|Any CPU
		{3C9E9297-41EA-4110-8F22-BBAA77922A67}.Debug|Any CPU.Build.0 = Debug|Any CPU
		{3C9E9297-41EA-4110-8F22-BBAA77922A67}.Release|Any CPU.ActiveCfg = Release|Any CPU
		{3C9E9297-41EA-4110-8F22-BBAA77922A67}.Release|Any CPU.Build.0 = Release|Any CPU
	EndGlobalSection
	GlobalSection(SolutionProperties) = preSolution
		HideSolutionNode = FALSE
	EndGlobalSection
	GlobalSection(ExtensibilityGlobals) = postSolution
		SolutionGuid = {4E179AA2-CE22-49C0-86EA-FB8A4D7E3745}
	EndGlobalSection
EndGlobal
