
Microsoft Visual Studio Solution File, Format Version 12.00
# Visual Studio Version 17
VisualStudioVersion = 17.11.35303.130
MinimumVisualStudioVersion = 10.0.40219.1
Project("{FAE04EC0-301F-11D3-BF4B-00C04F79EFBC}") = "ApiCatalogo", "ApiCatalogo\ApiCatalogo.csproj", "{DBBDEC50-BA47-4F2B-BED9-09DC6D6234DA}"
EndProject
Global
	GlobalSection(SolutionConfigurationPlatforms) = preSolution
		Debug|Any CPU = Debug|Any CPU
		Release|Any CPU = Release|Any CPU
	EndGlobalSection
	GlobalSection(ProjectConfigurationPlatforms) = postSolution
		{DBBDEC50-BA47-4F2B-BED9-09DC6D6234DA}.Debug|Any CPU.ActiveCfg = Debug|Any CPU
		{DBBDEC50-BA47-4F2B-BED9-09DC6D6234DA}.Debug|Any CPU.Build.0 = Debug|Any CPU
		{DBBDEC50-BA47-4F2B-BED9-09DC6D6234DA}.Release|Any CPU.ActiveCfg = Release|Any CPU
		{DBBDEC50-BA47-4F2B-BED9-09DC6D6234DA}.Release|Any CPU.Build.0 = Release|Any CPU
	EndGlobalSection
	GlobalSection(SolutionProperties) = preSolution
		HideSolutionNode = FALSE
	EndGlobalSection
	GlobalSection(ExtensibilityGlobals) = postSolution
		SolutionGuid = {AED24AE5-A5C4-4904-B104-B81C327225A7}
	EndGlobalSection
EndGlobal
